
Microsoft Visual Studio Solution File, Format Version 12.00
# Visual Studio Version 16
VisualStudioVersion = 16.0.31424.327
MinimumVisualStudioVersion = 10.0.40219.1
Project("{FAE04EC0-301F-11D3-BF4B-00C04F79EFBC}") = "MyClassLibrary", "MyClassLibrary\MyClassLibrary.csproj", "{74C54243-7310-4349-B839-54B0E95DBF77}"
EndProject
Project("{FAE04EC0-301F-11D3-BF4B-00C04F79EFBC}") = "MyClassLibrary.Tests", "MyClassLibrary.Tests\MyClassLibrary.Tests.csproj", "{6085869F-6859-438D-B3B4-575BC21B6FCB}"
EndProject
Global
	GlobalSection(SolutionConfigurationPlatforms) = preSolution
		Debug|Any CPU = Debug|Any CPU
		Release|Any CPU = Release|Any CPU
	EndGlobalSection
	GlobalSection(ProjectConfigurationPlatforms) = postSolution
		{74C54243-7310-4349-B839-54B0E95DBF77}.Debug|Any CPU.ActiveCfg = Debug|Any CPU
		{74C54243-7310-4349-B839-54B0E95DBF77}.Debug|Any CPU.Build.0 = Debug|Any CPU
		{74C54243-7310-4349-B839-54B0E95DBF77}.Release|Any CPU.ActiveCfg = Release|Any CPU
		{74C54243-7310-4349-B839-54B0E95DBF77}.Release|Any CPU.Build.0 = Release|Any CPU
		{6085869F-6859-438D-B3B4-575BC21B6FCB}.Debug|Any CPU.ActiveCfg = Debug|Any CPU
		{6085869F-6859-438D-B3B4-575BC21B6FCB}.Debug|Any CPU.Build.0 = Debug|Any CPU
		{6085869F-6859-438D-B3B4-575BC21B6FCB}.Release|Any CPU.ActiveCfg = Release|Any CPU
		{6085869F-6859-438D-B3B4-575BC21B6FCB}.Release|Any CPU.Build.0 = Release|Any CPU
	EndGlobalSection
	GlobalSection(SolutionProperties) = preSolution
		HideSolutionNode = FALSE
	EndGlobalSection
	GlobalSection(ExtensibilityGlobals) = postSolution
		SolutionGuid = {6AF8022B-F6CC-41AE-8BB9-61DE6BC5AB1E}
	EndGlobalSection
EndGlobal
